
Microsoft Visual Studio Solution File, Format Version 12.00
# Visual Studio 15
VisualStudioVersion = 15.0.28307.421
MinimumVisualStudioVersion = 10.0.40219.1
Project("{FAE04EC0-301F-11D3-BF4B-00C04F79EFBC}") = "LegoAPI", "LegoAPI\LegoAPI.csproj", "{69F2BB95-76C2-4370-BB8A-F63BDA50CBCC}"
EndProject
Project("{9A19103F-16F7-4668-BE54-9A1E7A4F7556}") = "LegoAPITest", "LegoAPITest\LegoAPITest.csproj", "{8A6D41D4-EBB1-4531-A75F-C3780744CD35}"
EndProject
Global
	GlobalSection(SolutionConfigurationPlatforms) = preSolution
		Debug|Any CPU = Debug|Any CPU
		Release|Any CPU = Release|Any CPU
	EndGlobalSection
	GlobalSection(ProjectConfigurationPlatforms) = postSolution
		{69F2BB95-76C2-4370-BB8A-F63BDA50CBCC}.Debug|Any CPU.ActiveCfg = Debug|Any CPU
		{69F2BB95-76C2-4370-BB8A-F63BDA50CBCC}.Debug|Any CPU.Build.0 = Debug|Any CPU
		{69F2BB95-76C2-4370-BB8A-F63BDA50CBCC}.Release|Any CPU.ActiveCfg = Release|Any CPU
		{69F2BB95-76C2-4370-BB8A-F63BDA50CBCC}.Release|Any CPU.Build.0 = Release|Any CPU
		{8A6D41D4-EBB1-4531-A75F-C3780744CD35}.Debug|Any CPU.ActiveCfg = Debug|Any CPU
		{8A6D41D4-EBB1-4531-A75F-C3780744CD35}.Debug|Any CPU.Build.0 = Debug|Any CPU
		{8A6D41D4-EBB1-4531-A75F-C3780744CD35}.Release|Any CPU.ActiveCfg = Release|Any CPU
		{8A6D41D4-EBB1-4531-A75F-C3780744CD35}.Release|Any CPU.Build.0 = Release|Any CPU
	EndGlobalSection
	GlobalSection(SolutionProperties) = preSolution
		HideSolutionNode = FALSE
	EndGlobalSection
	GlobalSection(ExtensibilityGlobals) = postSolution
		SolutionGuid = {3996D955-7B0F-48DB-AB29-D029A85068B4}
	EndGlobalSection
EndGlobal
